<?xml version="1.0" encoding="utf-8"?>
<Project ToolsVersion="4.0" xmlns="http://schemas.microsoft.com/developer/msbuild/2003">
  <ItemGroup>
    <ClCompile Include="_3D어플리케이션.cpp">
      <Filter>MyApplication</Filter>
    </ClCompile>
    <ClCompile Include="main.cpp">
      <Filter>MyApplication</Filter>
    </ClCompile>
    <ClCompile Include="D3DApplication.cpp">
      <Filter>D3DFramework</Filter>
    </ClCompile>
    <ClCompile Include="D3DApplication2D.cpp">
      <Filter>D3DFramework</Filter>
    </ClCompile>
    <ClCompile Include="D3DApplication3D.cpp">
      <Filter>D3DFramework</Filter>
    </ClCompile>
    <ClCompile Include="D3DManager.cpp">
      <Filter>D3DFramework</Filter>
    </ClCompile>
    <ClCompile Include="D3DCamera.cpp">
      <Filter>D3DFramework\D3DObject</Filter>
    </ClCompile>
    <ClCompile Include="D3DCube.cpp">
      <Filter>D3DFramework\D3DObject</Filter>
    </ClCompile>
    <ClCompile Include="D3DObject.cpp">
      <Filter>D3DFramework\D3DObject</Filter>
    </ClCompile>
    <ClCompile Include="D3DObjectFactory.cpp">
      <Filter>D3DFramework\D3DObject</Filter>
    </ClCompile>
    <ClCompile Include="D3DPoint.cpp">
      <Filter>D3DFramework\D3DData</Filter>
    </ClCompile>
    <ClCompile Include="D3DSize.cpp">
      <Filter>D3DFramework\D3DData</Filter>
    </ClCompile>
    <ClCompile Include="D3DAxis.cpp">
      <Filter>D3DFramework\D3DObject</Filter>
    </ClCompile>
    <ClCompile Include="Timer.cpp" />
    <ClCompile Include="D3DConsole.cpp">
      <Filter>D3DConsole</Filter>
    </ClCompile>
    <ClCompile Include="D3DRotation.cpp">
      <Filter>D3DFramework\D3DData</Filter>
    </ClCompile>
    <ClCompile Include="D3DScale.cpp">
      <Filter>D3DFramework\D3DData</Filter>
    </ClCompile>
    <ClCompile Include="D3DPlane.cpp">
      <Filter>D3DFramework\D3DObject</Filter>
    </ClCompile>
  </ItemGroup>
  <ItemGroup>
    <ClInclude Include="_3D어플리케이션.h">
      <Filter>MyApplication</Filter>
    </ClInclude>
    <ClInclude Include="D3DApplication.h">
      <Filter>D3DFramework</Filter>
    </ClInclude>
    <ClInclude Include="D3DApplication2D.h">
      <Filter>D3DFramework</Filter>
    </ClInclude>
    <ClInclude Include="D3DApplication3D.h">
      <Filter>D3DFramework</Filter>
    </ClInclude>
    <ClInclude Include="D3DMacro.h">
      <Filter>D3DFramework</Filter>
    </ClInclude>
    <ClInclude Include="D3DManager.h">
      <Filter>D3DFramework</Filter>
    </ClInclude>
    <ClInclude Include="D3DProperties.h">
      <Filter>D3DFramework</Filter>
    </ClInclude>
    <ClInclude Include="Singleton.h">
      <Filter>D3DFramework</Filter>
    </ClInclude>
    <ClInclude Include="StringFormatter.h">
      <Filter>D3DFramework</Filter>
    </ClInclude>
    <ClInclude Include="D3DCamera.h">
      <Filter>D3DFramework\D3DObject</Filter>
    </ClInclude>
    <ClInclude Include="D3DCube.h">
      <Filter>D3DFramework\D3DObject</Filter>
    </ClInclude>
    <ClInclude Include="D3DObject.h">
      <Filter>D3DFramework\D3DObject</Filter>
    </ClInclude>
    <ClInclude Include="D3DPoint.h">
      <Filter>D3DFramework\D3DData</Filter>
    </ClInclude>
    <ClInclude Include="D3DVertex.h">
      <Filter>D3DFramework\D3DData</Filter>
    </ClInclude>
    <ClInclude Include="D3DVertexBuffer.h">
      <Filter>D3DFramework\D3DData</Filter>
    </ClInclude>
    <ClInclude Include="D3DIndexBuffer.h">
      <Filter>D3DFramework\D3DData</Filter>
    </ClInclude>
    <ClInclude Include="D3DSize.h">
      <Filter>D3DFramework\D3DData</Filter>
    </ClInclude>
    <ClInclude Include="D3DAxis.h">
      <Filter>D3DFramework\D3DObject</Filter>
    </ClInclude>
    <ClInclude Include="common.h" />
    <ClInclude Include="Timer.h" />
    <ClInclude Include="D3DConsole.h">
      <Filter>D3DConsole</Filter>
    </ClInclude>
    <ClInclude Include="D3DRotation.h">
      <Filter>D3DFramework\D3DData</Filter>
    </ClInclude>
    <ClInclude Include="D3DScale.h">
      <Filter>D3DFramework\D3DData</Filter>
    </ClInclude>
    <ClInclude Include="D3DAnimation.h">
      <Filter>D3DFramework\D3DAnimation</Filter>
    </ClInclude>
    <ClInclude Include="D3DPlane.h">
      <Filter>D3DFramework\D3DObject</Filter>
    </ClInclude>
    <ClInclude Include="D3DObjectFactory.h">
      <Filter>D3DFramework\D3DObject</Filter>
    </ClInclude>
  </ItemGroup>
  <ItemGroup>
    <Filter Include="MyApplication">
      <UniqueIdentifier>{489dd4c4-309f-4a24-8570-e2424a2465cf}</UniqueIdentifier>
    </Filter>
    <Filter Include="D3DFramework">
      <UniqueIdentifier>{f6343698-02e5-4e19-b9ef-3a35feb584d2}</UniqueIdentifier>
    </Filter>
    <Filter Include="D3DFramework\D3DObject">
      <UniqueIdentifier>{c5668082-b7a3-49f9-b313-dccf88681e8d}</UniqueIdentifier>
    </Filter>
    <Filter Include="D3DFramework\D3DData">
      <UniqueIdentifier>{50eeada4-39f7-4928-b168-9b38987e4b71}</UniqueIdentifier>
    </Filter>
    <Filter Include="D3DConsole">
      <UniqueIdentifier>{019b3912-0fe3-474a-ba13-9916a4ad4ccb}</UniqueIdentifier>
    </Filter>
    <Filter Include="D3DFramework\D3DAnimation">
      <UniqueIdentifier>{c07c30c1-b698-4aea-b652-06ba4cf3e415}</UniqueIdentifier>
    </Filter>
  </ItemGroup>
</Project>