<?xml version="1.0" encoding="utf-8"?>
<Project ToolsVersion="4.0" xmlns="http://schemas.microsoft.com/developer/msbuild/2003">
  <ItemGroup>
    <ClCompile Include="_3D어플리케이션.cpp" />
    <ClCompile Include="D3DApplication.cpp" />
    <ClCompile Include="D3DApplication2D.cpp" />
    <ClCompile Include="D3DApplication3D.cpp" />
    <ClCompile Include="D3DCamera.cpp" />
    <ClCompile Include="D3DCube.cpp" />
    <ClCompile Include="D3DManager.cpp" />
    <ClCompile Include="D3DObject.cpp" />
    <ClCompile Include="D3DObjectFactory.cpp" />
    <ClCompile Include="D3DPoint.cpp" />
    <ClCompile Include="D3DSize.cpp" />
    <ClCompile Include="main.cpp" />
  </ItemGroup>
  <ItemGroup>
    <ClInclude Include="_3D어플리케이션.h" />
    <ClInclude Include="common.h" />
    <ClInclude Include="D3DApplication.h" />
    <ClInclude Include="D3DApplication2D.h" />
    <ClInclude Include="D3DApplication3D.h" />
    <ClInclude Include="D3DCamera.h" />
    <ClInclude Include="D3DCube.h" />
    <ClInclude Include="D3DIndexBuffer.h" />
    <ClInclude Include="D3DMacro.h" />
    <ClInclude Include="D3DManager.h" />
    <ClInclude Include="D3DObject.h" />
    <ClInclude Include="D3DObjectFactory.h" />
    <ClInclude Include="D3DPoint.h" />
    <ClInclude Include="D3DProperties.h" />
    <ClInclude Include="D3DSize.h" />
    <ClInclude Include="D3DVertex.h" />
    <ClInclude Include="D3DVertexBuffer.h" />
    <ClInclude Include="Singleton.h" />
    <ClInclude Include="StringFormatter.h" />
  </ItemGroup>
</Project>